// !$*UTF8*$!
{
	archiveVersion = 1;
	classes = {
	};
	objectVersion = 52;
	objects = {

/* Begin PBXBuildFile section */
		6603984B24DB31A100C5629B /* PostsOfCategorieView.swift in Sources */ = {isa = PBXBuildFile; fileRef = 6603984A24DB31A100C5629B /* PostsOfCategorieView.swift */; };
		6603984D24DB516800C5629B /* PostCardView.swift in Sources */ = {isa = PBXBuildFile; fileRef = 6603984C24DB516800C5629B /* PostCardView.swift */; };
		66066F7C24EF201700021134 /* ImagePicker.swift in Sources */ = {isa = PBXBuildFile; fileRef = 66066F7B24EF201700021134 /* ImagePicker.swift */; };
		6629EBA324EC45B4009802A5 /* FirstView.swift in Sources */ = {isa = PBXBuildFile; fileRef = 6629EBA224EC45B4009802A5 /* FirstView.swift */; };
		6629EBAB24EC671D009802A5 /* Onboard.swift in Sources */ = {isa = PBXBuildFile; fileRef = 6629EBAA24EC671D009802A5 /* Onboard.swift */; };
		6629EBAD24EC73D2009802A5 /* OnboardPageView.swift in Sources */ = {isa = PBXBuildFile; fileRef = 6629EBAC24EC73D2009802A5 /* OnboardPageView.swift */; };
		6629EBAF24EC7442009802A5 /* OnboardViewController.swift in Sources */ = {isa = PBXBuildFile; fileRef = 6629EBAE24EC7442009802A5 /* OnboardViewController.swift */; };
		6629EBB124EC7EA9009802A5 /* OnboardPageIndicator.swift in Sources */ = {isa = PBXBuildFile; fileRef = 6629EBB024EC7EA9009802A5 /* OnboardPageIndicator.swift */; };
		662B018924D9F3FC008BF2D7 /* Comentario.swift in Sources */ = {isa = PBXBuildFile; fileRef = 662B018824D9F3FC008BF2D7 /* Comentario.swift */; };
		663C8ECC24CC6C2E000936FF /* Link.swift in Sources */ = {isa = PBXBuildFile; fileRef = 663C8ECB24CC6C2E000936FF /* Link.swift */; };
		663C8ED024CCB7F5000936FF /* LinkView.swift in Sources */ = {isa = PBXBuildFile; fileRef = 663C8ECF24CCB7F5000936FF /* LinkView.swift */; };
		664973C724E4C7BC00D01BAC /* UIManager.swift in Sources */ = {isa = PBXBuildFile; fileRef = 664973C624E4C7BC00D01BAC /* UIManager.swift */; };
		665A157624DC2DE500D94359 /* MyPublications.swift in Sources */ = {isa = PBXBuildFile; fileRef = 665A157524DC2DE500D94359 /* MyPublications.swift */; };
		665A157824DC30A000D94359 /* MySavedPosts.swift in Sources */ = {isa = PBXBuildFile; fileRef = 665A157724DC30A000D94359 /* MySavedPosts.swift */; };
		665A157A24DC315100D94359 /* RoomMembersView.swift in Sources */ = {isa = PBXBuildFile; fileRef = 665A157924DC315100D94359 /* RoomMembersView.swift */; };
		666C803224DCA329001A7148 /* SubscriptionsView.swift in Sources */ = {isa = PBXBuildFile; fileRef = 666C803124DCA329001A7148 /* SubscriptionsView.swift */; };
		6675881624D3667400C9B805 /* Usuario.swift in Sources */ = {isa = PBXBuildFile; fileRef = 6675881524D3667400C9B805 /* Usuario.swift */; };
		6675881824D3789B00C9B805 /* UsersView.swift in Sources */ = {isa = PBXBuildFile; fileRef = 6675881724D3789B00C9B805 /* UsersView.swift */; };
		667D8BAD24D302B4005D51F4 /* RoomsView.swift in Sources */ = {isa = PBXBuildFile; fileRef = 667D8BAC24D302B4005D51F4 /* RoomsView.swift */; };
		667D8BAF24D30469005D51F4 /* DAO.swift in Sources */ = {isa = PBXBuildFile; fileRef = 667D8BAE24D30469005D51F4 /* DAO.swift */; };
		668903A824D5B7F60062C8CA /* PostView.swift in Sources */ = {isa = PBXBuildFile; fileRef = 668903A724D5B7F60062C8CA /* PostView.swift */; };
		668D560024D43ED900EBDD15 /* LinkManager.swift in Sources */ = {isa = PBXBuildFile; fileRef = 668D55FF24D43ED900EBDD15 /* LinkManager.swift */; };
		66C350322547546800E3CA26 /* CloudKitMagicCRUD in Frameworks */ = {isa = PBXBuildFile; productRef = 66C350312547546800E3CA26 /* CloudKitMagicCRUD */; };
		66C350382547548B00E3CA26 /* CloudKit.framework in Frameworks */ = {isa = PBXBuildFile; fileRef = 66C350372547548B00E3CA26 /* CloudKit.framework */; };
		66C35044254768E300E3CA26 /* NewUserView.swift in Sources */ = {isa = PBXBuildFile; fileRef = 66C35043254768E300E3CA26 /* NewUserView.swift */; };
		66D7AA6524CB5135001CEA3A /* AppDelegate.swift in Sources */ = {isa = PBXBuildFile; fileRef = 66D7AA6424CB5135001CEA3A /* AppDelegate.swift */; };
		66D7AA6724CB5135001CEA3A /* SceneDelegate.swift in Sources */ = {isa = PBXBuildFile; fileRef = 66D7AA6624CB5135001CEA3A /* SceneDelegate.swift */; };
		66D7AA6924CB5135001CEA3A /* ContentView.swift in Sources */ = {isa = PBXBuildFile; fileRef = 66D7AA6824CB5135001CEA3A /* ContentView.swift */; };
		66D7AA6B24CB5136001CEA3A /* Assets.xcassets in Resources */ = {isa = PBXBuildFile; fileRef = 66D7AA6A24CB5136001CEA3A /* Assets.xcassets */; };
		66D7AA6E24CB5136001CEA3A /* Preview Assets.xcassets in Resources */ = {isa = PBXBuildFile; fileRef = 66D7AA6D24CB5136001CEA3A /* Preview Assets.xcassets */; };
		66D7AA7124CB5136001CEA3A /* LaunchScreen.storyboard in Resources */ = {isa = PBXBuildFile; fileRef = 66D7AA6F24CB5136001CEA3A /* LaunchScreen.storyboard */; };
		66D7AA7A24CB59C3001CEA3A /* Membro.swift in Sources */ = {isa = PBXBuildFile; fileRef = 66D7AA7924CB59C3001CEA3A /* Membro.swift */; };
		66D7AA7C24CB59E1001CEA3A /* Categoria.swift in Sources */ = {isa = PBXBuildFile; fileRef = 66D7AA7B24CB59E1001CEA3A /* Categoria.swift */; };
		66D7AA8024CB5A08001CEA3A /* Post.swift in Sources */ = {isa = PBXBuildFile; fileRef = 66D7AA7F24CB5A08001CEA3A /* Post.swift */; };
		66D7AA8224CB5A1D001CEA3A /* Sala.swift in Sources */ = {isa = PBXBuildFile; fileRef = 66D7AA8124CB5A1D001CEA3A /* Sala.swift */; };
		66D7AA8524CB80B2001CEA3A /* DiscoverView.swift in Sources */ = {isa = PBXBuildFile; fileRef = 66D7AA8424CB80B2001CEA3A /* DiscoverView.swift */; };
		66D7AA8724CB80F0001CEA3A /* CategoriesView.swift in Sources */ = {isa = PBXBuildFile; fileRef = 66D7AA8624CB80F0001CEA3A /* CategoriesView.swift */; };
		66D7AA8B24CB8140001CEA3A /* ProfileView.swift in Sources */ = {isa = PBXBuildFile; fileRef = 66D7AA8A24CB8140001CEA3A /* ProfileView.swift */; };
		66E744692547AC4400B33131 /* OnboardView.swift in Sources */ = {isa = PBXBuildFile; fileRef = 66E744682547AC4400B33131 /* OnboardView.swift */; };
		EA49EC2A24EEEC210030F135 /* EditProfileView.swift in Sources */ = {isa = PBXBuildFile; fileRef = EA49EC2924EEEC210030F135 /* EditProfileView.swift */; };
		EA62ABAC24DB62810026C1BE /* CommentRow.swift in Sources */ = {isa = PBXBuildFile; fileRef = EA62ABAB24DB62810026C1BE /* CommentRow.swift */; };
		EA62ABAE24DC77790026C1BE /* QuestionRow.swift in Sources */ = {isa = PBXBuildFile; fileRef = EA62ABAD24DC77790026C1BE /* QuestionRow.swift */; };
		EA6CA39D24DA006600FAD6F6 /* MultilineTextField.swift in Sources */ = {isa = PBXBuildFile; fileRef = EA6CA39C24DA006600FAD6F6 /* MultilineTextField.swift */; };
		EA6CA39F24DA00C000FAD6F6 /* PostCreatorView.swift in Sources */ = {isa = PBXBuildFile; fileRef = EA6CA39E24DA00C000FAD6F6 /* PostCreatorView.swift */; };
		EAF98EF424DDAEF80087FA3A /* CommentsQuestionsToggle.swift in Sources */ = {isa = PBXBuildFile; fileRef = EAF98EF324DDAEF80087FA3A /* CommentsQuestionsToggle.swift */; };
/* End PBXBuildFile section */

/* Begin PBXFileReference section */
		6603984A24DB31A100C5629B /* PostsOfCategorieView.swift */ = {isa = PBXFileReference; fileEncoding = 4; lastKnownFileType = sourcecode.swift; path = PostsOfCategorieView.swift; sourceTree = "<group>"; };
		6603984C24DB516800C5629B /* PostCardView.swift */ = {isa = PBXFileReference; lastKnownFileType = sourcecode.swift; path = PostCardView.swift; sourceTree = "<group>"; };
		66066F7B24EF201700021134 /* ImagePicker.swift */ = {isa = PBXFileReference; lastKnownFileType = sourcecode.swift; path = ImagePicker.swift; sourceTree = "<group>"; };
		6629EBA224EC45B4009802A5 /* FirstView.swift */ = {isa = PBXFileReference; lastKnownFileType = sourcecode.swift; path = FirstView.swift; sourceTree = "<group>"; };
		6629EBAA24EC671D009802A5 /* Onboard.swift */ = {isa = PBXFileReference; lastKnownFileType = sourcecode.swift; path = Onboard.swift; sourceTree = "<group>"; };
		6629EBAC24EC73D2009802A5 /* OnboardPageView.swift */ = {isa = PBXFileReference; lastKnownFileType = sourcecode.swift; path = OnboardPageView.swift; sourceTree = "<group>"; };
		6629EBAE24EC7442009802A5 /* OnboardViewController.swift */ = {isa = PBXFileReference; lastKnownFileType = sourcecode.swift; path = OnboardViewController.swift; sourceTree = "<group>"; };
		6629EBB024EC7EA9009802A5 /* OnboardPageIndicator.swift */ = {isa = PBXFileReference; lastKnownFileType = sourcecode.swift; path = OnboardPageIndicator.swift; sourceTree = "<group>"; };
		662B018824D9F3FC008BF2D7 /* Comentario.swift */ = {isa = PBXFileReference; lastKnownFileType = sourcecode.swift; path = Comentario.swift; sourceTree = "<group>"; };
		663C8ECB24CC6C2E000936FF /* Link.swift */ = {isa = PBXFileReference; lastKnownFileType = sourcecode.swift; path = Link.swift; sourceTree = "<group>"; };
		663C8ECF24CCB7F5000936FF /* LinkView.swift */ = {isa = PBXFileReference; lastKnownFileType = sourcecode.swift; path = LinkView.swift; sourceTree = "<group>"; };
		664973C624E4C7BC00D01BAC /* UIManager.swift */ = {isa = PBXFileReference; lastKnownFileType = sourcecode.swift; path = UIManager.swift; sourceTree = "<group>"; };
		665A157524DC2DE500D94359 /* MyPublications.swift */ = {isa = PBXFileReference; lastKnownFileType = sourcecode.swift; path = MyPublications.swift; sourceTree = "<group>"; };
		665A157724DC30A000D94359 /* MySavedPosts.swift */ = {isa = PBXFileReference; lastKnownFileType = sourcecode.swift; path = MySavedPosts.swift; sourceTree = "<group>"; };
		665A157924DC315100D94359 /* RoomMembersView.swift */ = {isa = PBXFileReference; lastKnownFileType = sourcecode.swift; path = RoomMembersView.swift; sourceTree = "<group>"; };
		666C803124DCA329001A7148 /* SubscriptionsView.swift */ = {isa = PBXFileReference; lastKnownFileType = sourcecode.swift; path = SubscriptionsView.swift; sourceTree = "<group>"; };
		6675881524D3667400C9B805 /* Usuario.swift */ = {isa = PBXFileReference; lastKnownFileType = sourcecode.swift; path = Usuario.swift; sourceTree = "<group>"; };
		6675881724D3789B00C9B805 /* UsersView.swift */ = {isa = PBXFileReference; lastKnownFileType = sourcecode.swift; path = UsersView.swift; sourceTree = "<group>"; };
		667D8BAC24D302B4005D51F4 /* RoomsView.swift */ = {isa = PBXFileReference; lastKnownFileType = sourcecode.swift; path = RoomsView.swift; sourceTree = "<group>"; };
		667D8BAE24D30469005D51F4 /* DAO.swift */ = {isa = PBXFileReference; lastKnownFileType = sourcecode.swift; path = DAO.swift; sourceTree = "<group>"; };
		668903A724D5B7F60062C8CA /* PostView.swift */ = {isa = PBXFileReference; lastKnownFileType = sourcecode.swift; path = PostView.swift; sourceTree = "<group>"; };
		668D55FF24D43ED900EBDD15 /* LinkManager.swift */ = {isa = PBXFileReference; lastKnownFileType = sourcecode.swift; path = LinkManager.swift; sourceTree = "<group>"; };
		66C350342547548000E3CA26 /* LinGO!.entitlements */ = {isa = PBXFileReference; lastKnownFileType = text.plist.entitlements; path = "LinGO!.entitlements"; sourceTree = "<group>"; };
		66C350372547548B00E3CA26 /* CloudKit.framework */ = {isa = PBXFileReference; lastKnownFileType = wrapper.framework; name = CloudKit.framework; path = System/Library/Frameworks/CloudKit.framework; sourceTree = SDKROOT; };
		66C35043254768E300E3CA26 /* NewUserView.swift */ = {isa = PBXFileReference; lastKnownFileType = sourcecode.swift; path = NewUserView.swift; sourceTree = "<group>"; };
		66D7AA6124CB5135001CEA3A /* LinGO!.app */ = {isa = PBXFileReference; explicitFileType = wrapper.application; includeInIndex = 0; path = "LinGO!.app"; sourceTree = BUILT_PRODUCTS_DIR; };
		66D7AA6424CB5135001CEA3A /* AppDelegate.swift */ = {isa = PBXFileReference; lastKnownFileType = sourcecode.swift; path = AppDelegate.swift; sourceTree = "<group>"; };
		66D7AA6624CB5135001CEA3A /* SceneDelegate.swift */ = {isa = PBXFileReference; lastKnownFileType = sourcecode.swift; path = SceneDelegate.swift; sourceTree = "<group>"; };
		66D7AA6824CB5135001CEA3A /* ContentView.swift */ = {isa = PBXFileReference; lastKnownFileType = sourcecode.swift; path = ContentView.swift; sourceTree = "<group>"; };
		66D7AA6A24CB5136001CEA3A /* Assets.xcassets */ = {isa = PBXFileReference; lastKnownFileType = folder.assetcatalog; path = Assets.xcassets; sourceTree = "<group>"; };
		66D7AA6D24CB5136001CEA3A /* Preview Assets.xcassets */ = {isa = PBXFileReference; lastKnownFileType = folder.assetcatalog; path = "Preview Assets.xcassets"; sourceTree = "<group>"; };
		66D7AA7024CB5136001CEA3A /* Base */ = {isa = PBXFileReference; lastKnownFileType = file.storyboard; name = Base; path = Base.lproj/LaunchScreen.storyboard; sourceTree = "<group>"; };
		66D7AA7224CB5136001CEA3A /* Info.plist */ = {isa = PBXFileReference; lastKnownFileType = text.plist.xml; path = Info.plist; sourceTree = "<group>"; };
		66D7AA7924CB59C3001CEA3A /* Membro.swift */ = {isa = PBXFileReference; lastKnownFileType = sourcecode.swift; path = Membro.swift; sourceTree = "<group>"; };
		66D7AA7B24CB59E1001CEA3A /* Categoria.swift */ = {isa = PBXFileReference; lastKnownFileType = sourcecode.swift; path = Categoria.swift; sourceTree = "<group>"; };
		66D7AA7F24CB5A08001CEA3A /* Post.swift */ = {isa = PBXFileReference; lastKnownFileType = sourcecode.swift; path = Post.swift; sourceTree = "<group>"; };
		66D7AA8124CB5A1D001CEA3A /* Sala.swift */ = {isa = PBXFileReference; lastKnownFileType = sourcecode.swift; path = Sala.swift; sourceTree = "<group>"; };
		66D7AA8424CB80B2001CEA3A /* DiscoverView.swift */ = {isa = PBXFileReference; lastKnownFileType = sourcecode.swift; path = DiscoverView.swift; sourceTree = "<group>"; };
		66D7AA8624CB80F0001CEA3A /* CategoriesView.swift */ = {isa = PBXFileReference; lastKnownFileType = sourcecode.swift; path = CategoriesView.swift; sourceTree = "<group>"; };
		66D7AA8A24CB8140001CEA3A /* ProfileView.swift */ = {isa = PBXFileReference; lastKnownFileType = sourcecode.swift; path = ProfileView.swift; sourceTree = "<group>"; };
		66E744682547AC4400B33131 /* OnboardView.swift */ = {isa = PBXFileReference; lastKnownFileType = sourcecode.swift; path = OnboardView.swift; sourceTree = "<group>"; };
		EA49EC2924EEEC210030F135 /* EditProfileView.swift */ = {isa = PBXFileReference; lastKnownFileType = sourcecode.swift; path = EditProfileView.swift; sourceTree = "<group>"; };
		EA62ABAB24DB62810026C1BE /* CommentRow.swift */ = {isa = PBXFileReference; lastKnownFileType = sourcecode.swift; path = CommentRow.swift; sourceTree = "<group>"; };
		EA62ABAD24DC77790026C1BE /* QuestionRow.swift */ = {isa = PBXFileReference; lastKnownFileType = sourcecode.swift; path = QuestionRow.swift; sourceTree = "<group>"; };
		EA6CA39C24DA006600FAD6F6 /* MultilineTextField.swift */ = {isa = PBXFileReference; lastKnownFileType = sourcecode.swift; path = MultilineTextField.swift; sourceTree = "<group>"; };
		EA6CA39E24DA00C000FAD6F6 /* PostCreatorView.swift */ = {isa = PBXFileReference; lastKnownFileType = sourcecode.swift; path = PostCreatorView.swift; sourceTree = "<group>"; };
		EAF98EF324DDAEF80087FA3A /* CommentsQuestionsToggle.swift */ = {isa = PBXFileReference; lastKnownFileType = sourcecode.swift; path = CommentsQuestionsToggle.swift; sourceTree = "<group>"; };
/* End PBXFileReference section */

/* Begin PBXFrameworksBuildPhase section */
		66D7AA5E24CB5135001CEA3A /* Frameworks */ = {
			isa = PBXFrameworksBuildPhase;
			buildActionMask = 2147483647;
			files = (
				66C350322547546800E3CA26 /* CloudKitMagicCRUD in Frameworks */,
				66C350382547548B00E3CA26 /* CloudKit.framework in Frameworks */,
			);
			runOnlyForDeploymentPostprocessing = 0;
		};
/* End PBXFrameworksBuildPhase section */

/* Begin PBXGroup section */
		6644ED3824D10B340055749F /* Controller */ = {
			isa = PBXGroup;
			children = (
				66D7AA6424CB5135001CEA3A /* AppDelegate.swift */,
				66D7AA6624CB5135001CEA3A /* SceneDelegate.swift */,
			);
			path = Controller;
			sourceTree = "<group>";
		};
		6674DDF7252FACAA0044E9C7 /* Comentarios */ = {
			isa = PBXGroup;
			children = (
				EAF98EF324DDAEF80087FA3A /* CommentsQuestionsToggle.swift */,
				EA62ABAD24DC77790026C1BE /* QuestionRow.swift */,
				EA62ABAB24DB62810026C1BE /* CommentRow.swift */,
			);
			path = Comentarios;
			sourceTree = "<group>";
		};
		6674DDFA252FAD4D0044E9C7 /* OnboardAntigo */ = {
			isa = PBXGroup;
			children = (
				6629EBAC24EC73D2009802A5 /* OnboardPageView.swift */,
				6629EBAE24EC7442009802A5 /* OnboardViewController.swift */,
				6629EBB024EC7EA9009802A5 /* OnboardPageIndicator.swift */,
			);
			path = OnboardAntigo;
			sourceTree = "<group>";
		};
		6674DDFD252FADE80044E9C7 /* Auxiliares */ = {
			isa = PBXGroup;
			children = (
				EA6CA39C24DA006600FAD6F6 /* MultilineTextField.swift */,
				6675881724D3789B00C9B805 /* UsersView.swift */,
				663C8ECF24CCB7F5000936FF /* LinkView.swift */,
			);
			path = Auxiliares;
			sourceTree = "<group>";
		};
		66C350362547548B00E3CA26 /* Frameworks */ = {
			isa = PBXGroup;
			children = (
				66C350372547548B00E3CA26 /* CloudKit.framework */,
			);
			name = Frameworks;
			sourceTree = "<group>";
		};
		66D7AA5824CB5135001CEA3A = {
			isa = PBXGroup;
			children = (
				66D7AA6324CB5135001CEA3A /* BarreirasLinguisticas */,
				66D7AA6224CB5135001CEA3A /* Products */,
				66C350362547548B00E3CA26 /* Frameworks */,
			);
			sourceTree = "<group>";
		};
		66D7AA6224CB5135001CEA3A /* Products */ = {
			isa = PBXGroup;
			children = (
				66D7AA6124CB5135001CEA3A /* LinGO!.app */,
			);
			name = Products;
			sourceTree = "<group>";
		};
		66D7AA6324CB5135001CEA3A /* BarreirasLinguisticas */ = {
			isa = PBXGroup;
			children = (
				66C350342547548000E3CA26 /* LinGO!.entitlements */,
				6644ED3824D10B340055749F /* Controller */,
				66D7AA7824CB59B3001CEA3A /* Model */,
				66D7AA8324CB5A3C001CEA3A /* View */,
				66D7AA6A24CB5136001CEA3A /* Assets.xcassets */,
				66D7AA6F24CB5136001CEA3A /* LaunchScreen.storyboard */,
				66D7AA7224CB5136001CEA3A /* Info.plist */,
				66D7AA6C24CB5136001CEA3A /* Preview Content */,
			);
			path = BarreirasLinguisticas;
			sourceTree = "<group>";
		};
		66D7AA6C24CB5136001CEA3A /* Preview Content */ = {
			isa = PBXGroup;
			children = (
				66D7AA6D24CB5136001CEA3A /* Preview Assets.xcassets */,
			);
			path = "Preview Content";
			sourceTree = "<group>";
		};
		66D7AA7824CB59B3001CEA3A /* Model */ = {
			isa = PBXGroup;
			children = (
				667D8BAE24D30469005D51F4 /* DAO.swift */,
				6675881524D3667400C9B805 /* Usuario.swift */,
				66D7AA8124CB5A1D001CEA3A /* Sala.swift */,
				66D7AA7924CB59C3001CEA3A /* Membro.swift */,
				66D7AA7F24CB5A08001CEA3A /* Post.swift */,
				662B018824D9F3FC008BF2D7 /* Comentario.swift */,
				66D7AA7B24CB59E1001CEA3A /* Categoria.swift */,
				663C8ECB24CC6C2E000936FF /* Link.swift */,
				668D55FF24D43ED900EBDD15 /* LinkManager.swift */,
				664973C624E4C7BC00D01BAC /* UIManager.swift */,
				6629EBAA24EC671D009802A5 /* Onboard.swift */,
			);
			path = Model;
			sourceTree = "<group>";
		};
		66D7AA8324CB5A3C001CEA3A /* View */ = {
			isa = PBXGroup;
			children = (
				6674DDFD252FADE80044E9C7 /* Auxiliares */,
				6674DDF7252FACAA0044E9C7 /* Comentarios */,
				6674DDFA252FAD4D0044E9C7 /* OnboardAntigo */,
				6629EBA224EC45B4009802A5 /* FirstView.swift */,
				66E744682547AC4400B33131 /* OnboardView.swift */,
				66C35043254768E300E3CA26 /* NewUserView.swift */,
				667D8BAC24D302B4005D51F4 /* RoomsView.swift */,
				66D7AA6824CB5135001CEA3A /* ContentView.swift */,
				66D7AA8424CB80B2001CEA3A /* DiscoverView.swift */,
				66D7AA8624CB80F0001CEA3A /* CategoriesView.swift */,
				6603984A24DB31A100C5629B /* PostsOfCategorieView.swift */,
				668903A724D5B7F60062C8CA /* PostView.swift */,
				6603984C24DB516800C5629B /* PostCardView.swift */,
				EA6CA39E24DA00C000FAD6F6 /* PostCreatorView.swift */,
				66D7AA8A24CB8140001CEA3A /* ProfileView.swift */,
				665A157524DC2DE500D94359 /* MyPublications.swift */,
				665A157724DC30A000D94359 /* MySavedPosts.swift */,
				666C803124DCA329001A7148 /* SubscriptionsView.swift */,
				EA49EC2924EEEC210030F135 /* EditProfileView.swift */,
				665A157924DC315100D94359 /* RoomMembersView.swift */,
				66066F7B24EF201700021134 /* ImagePicker.swift */,
			);
			path = View;
			sourceTree = "<group>";
		};
/* End PBXGroup section */

/* Begin PBXNativeTarget section */
		66D7AA6024CB5135001CEA3A /* BarreirasLinguisticas */ = {
			isa = PBXNativeTarget;
			buildConfigurationList = 66D7AA7524CB5136001CEA3A /* Build configuration list for PBXNativeTarget "BarreirasLinguisticas" */;
			buildPhases = (
				66D7AA5D24CB5135001CEA3A /* Sources */,
				66D7AA5E24CB5135001CEA3A /* Frameworks */,
				66D7AA5F24CB5135001CEA3A /* Resources */,
			);
			buildRules = (
			);
			dependencies = (
			);
			name = BarreirasLinguisticas;
			packageProductDependencies = (
				66C350312547546800E3CA26 /* CloudKitMagicCRUD */,
			);
			productName = BarreirasLinguisticas;
			productReference = 66D7AA6124CB5135001CEA3A /* LinGO!.app */;
			productType = "com.apple.product-type.application";
		};
/* End PBXNativeTarget section */

/* Begin PBXProject section */
		66D7AA5924CB5135001CEA3A /* Project object */ = {
			isa = PBXProject;
			attributes = {
				LastSwiftUpdateCheck = 1160;
				LastUpgradeCheck = 1200;
				ORGANIZATIONNAME = "Matheus S. Moreira";
				TargetAttributes = {
					66D7AA6024CB5135001CEA3A = {
						CreatedOnToolsVersion = 11.6;
					};
				};
			};
			buildConfigurationList = 66D7AA5C24CB5135001CEA3A /* Build configuration list for PBXProject "LinGO" */;
			compatibilityVersion = "Xcode 9.3";
			developmentRegion = en;
			hasScannedForEncodings = 0;
			knownRegions = (
				en,
				Base,
			);
			mainGroup = 66D7AA5824CB5135001CEA3A;
			packageReferences = (
				66C350302547546800E3CA26 /* XCRemoteSwiftPackageReference "CloudKitMagicCRUD" */,
			);
			productRefGroup = 66D7AA6224CB5135001CEA3A /* Products */;
			projectDirPath = "";
			projectRoot = "";
			targets = (
				66D7AA6024CB5135001CEA3A /* BarreirasLinguisticas */,
			);
		};
/* End PBXProject section */

/* Begin PBXResourcesBuildPhase section */
		66D7AA5F24CB5135001CEA3A /* Resources */ = {
			isa = PBXResourcesBuildPhase;
			buildActionMask = 2147483647;
			files = (
				66D7AA7124CB5136001CEA3A /* LaunchScreen.storyboard in Resources */,
				66D7AA6E24CB5136001CEA3A /* Preview Assets.xcassets in Resources */,
				66D7AA6B24CB5136001CEA3A /* Assets.xcassets in Resources */,
			);
			runOnlyForDeploymentPostprocessing = 0;
		};
/* End PBXResourcesBuildPhase section */

/* Begin PBXSourcesBuildPhase section */
		66D7AA5D24CB5135001CEA3A /* Sources */ = {
			isa = PBXSourcesBuildPhase;
			buildActionMask = 2147483647;
			files = (
				66066F7C24EF201700021134 /* ImagePicker.swift in Sources */,
				66D7AA8524CB80B2001CEA3A /* DiscoverView.swift in Sources */,
				6629EBB124EC7EA9009802A5 /* OnboardPageIndicator.swift in Sources */,
				6629EBA324EC45B4009802A5 /* FirstView.swift in Sources */,
				6603984D24DB516800C5629B /* PostCardView.swift in Sources */,
				664973C724E4C7BC00D01BAC /* UIManager.swift in Sources */,
				66D7AA8224CB5A1D001CEA3A /* Sala.swift in Sources */,
				662B018924D9F3FC008BF2D7 /* Comentario.swift in Sources */,
				66D7AA7A24CB59C3001CEA3A /* Membro.swift in Sources */,
				663C8ED024CCB7F5000936FF /* LinkView.swift in Sources */,
				EAF98EF424DDAEF80087FA3A /* CommentsQuestionsToggle.swift in Sources */,
				66D7AA8B24CB8140001CEA3A /* ProfileView.swift in Sources */,
				6629EBAF24EC7442009802A5 /* OnboardViewController.swift in Sources */,
				663C8ECC24CC6C2E000936FF /* Link.swift in Sources */,
				668903A824D5B7F60062C8CA /* PostView.swift in Sources */,
				666C803224DCA329001A7148 /* SubscriptionsView.swift in Sources */,
				667D8BAF24D30469005D51F4 /* DAO.swift in Sources */,
				6603984B24DB31A100C5629B /* PostsOfCategorieView.swift in Sources */,
				6675881624D3667400C9B805 /* Usuario.swift in Sources */,
				665A157624DC2DE500D94359 /* MyPublications.swift in Sources */,
				66D7AA6524CB5135001CEA3A /* AppDelegate.swift in Sources */,
				6629EBAB24EC671D009802A5 /* Onboard.swift in Sources */,
				668D560024D43ED900EBDD15 /* LinkManager.swift in Sources */,
				EA49EC2A24EEEC210030F135 /* EditProfileView.swift in Sources */,
				EA6CA39D24DA006600FAD6F6 /* MultilineTextField.swift in Sources */,
				66C35044254768E300E3CA26 /* NewUserView.swift in Sources */,
				665A157A24DC315100D94359 /* RoomMembersView.swift in Sources */,
				66D7AA6724CB5135001CEA3A /* SceneDelegate.swift in Sources */,
				6629EBAD24EC73D2009802A5 /* OnboardPageView.swift in Sources */,
				665A157824DC30A000D94359 /* MySavedPosts.swift in Sources */,
				66D7AA6924CB5135001CEA3A /* ContentView.swift in Sources */,
				EA6CA39F24DA00C000FAD6F6 /* PostCreatorView.swift in Sources */,
				EA62ABAC24DB62810026C1BE /* CommentRow.swift in Sources */,
				66D7AA8024CB5A08001CEA3A /* Post.swift in Sources */,
				66D7AA8724CB80F0001CEA3A /* CategoriesView.swift in Sources */,
				66E744692547AC4400B33131 /* OnboardView.swift in Sources */,
				667D8BAD24D302B4005D51F4 /* RoomsView.swift in Sources */,
				EA62ABAE24DC77790026C1BE /* QuestionRow.swift in Sources */,
				66D7AA7C24CB59E1001CEA3A /* Categoria.swift in Sources */,
				6675881824D3789B00C9B805 /* UsersView.swift in Sources */,
			);
			runOnlyForDeploymentPostprocessing = 0;
		};
/* End PBXSourcesBuildPhase section */

/* Begin PBXVariantGroup section */
		66D7AA6F24CB5136001CEA3A /* LaunchScreen.storyboard */ = {
			isa = PBXVariantGroup;
			children = (
				66D7AA7024CB5136001CEA3A /* Base */,
			);
			name = LaunchScreen.storyboard;
			sourceTree = "<group>";
		};
/* End PBXVariantGroup section */

/* Begin XCBuildConfiguration section */
		66D7AA7324CB5136001CEA3A /* Debug */ = {
			isa = XCBuildConfiguration;
			buildSettings = {
				ALWAYS_SEARCH_USER_PATHS = NO;
				CLANG_ANALYZER_NONNULL = YES;
				CLANG_ANALYZER_NUMBER_OBJECT_CONVERSION = YES_AGGRESSIVE;
				CLANG_CXX_LANGUAGE_STANDARD = "gnu++14";
				CLANG_CXX_LIBRARY = "libc++";
				CLANG_ENABLE_MODULES = YES;
				CLANG_ENABLE_OBJC_ARC = YES;
				CLANG_ENABLE_OBJC_WEAK = YES;
				CLANG_WARN_BLOCK_CAPTURE_AUTORELEASING = YES;
				CLANG_WARN_BOOL_CONVERSION = YES;
				CLANG_WARN_COMMA = YES;
				CLANG_WARN_CONSTANT_CONVERSION = YES;
				CLANG_WARN_DEPRECATED_OBJC_IMPLEMENTATIONS = YES;
				CLANG_WARN_DIRECT_OBJC_ISA_USAGE = YES_ERROR;
				CLANG_WARN_DOCUMENTATION_COMMENTS = YES;
				CLANG_WARN_EMPTY_BODY = YES;
				CLANG_WARN_ENUM_CONVERSION = YES;
				CLANG_WARN_INFINITE_RECURSION = YES;
				CLANG_WARN_INT_CONVERSION = YES;
				CLANG_WARN_NON_LITERAL_NULL_CONVERSION = YES;
				CLANG_WARN_OBJC_IMPLICIT_RETAIN_SELF = YES;
				CLANG_WARN_OBJC_LITERAL_CONVERSION = YES;
				CLANG_WARN_OBJC_ROOT_CLASS = YES_ERROR;
				CLANG_WARN_QUOTED_INCLUDE_IN_FRAMEWORK_HEADER = YES;
				CLANG_WARN_RANGE_LOOP_ANALYSIS = YES;
				CLANG_WARN_STRICT_PROTOTYPES = YES;
				CLANG_WARN_SUSPICIOUS_MOVE = YES;
				CLANG_WARN_UNGUARDED_AVAILABILITY = YES_AGGRESSIVE;
				CLANG_WARN_UNREACHABLE_CODE = YES;
				CLANG_WARN__DUPLICATE_METHOD_MATCH = YES;
				COPY_PHASE_STRIP = NO;
				DEBUG_INFORMATION_FORMAT = dwarf;
				ENABLE_STRICT_OBJC_MSGSEND = YES;
				ENABLE_TESTABILITY = YES;
				GCC_C_LANGUAGE_STANDARD = gnu11;
				GCC_DYNAMIC_NO_PIC = NO;
				GCC_NO_COMMON_BLOCKS = YES;
				GCC_OPTIMIZATION_LEVEL = 0;
				GCC_PREPROCESSOR_DEFINITIONS = (
					"DEBUG=1",
					"$(inherited)",
				);
				GCC_WARN_64_TO_32_BIT_CONVERSION = YES;
				GCC_WARN_ABOUT_RETURN_TYPE = YES_ERROR;
				GCC_WARN_UNDECLARED_SELECTOR = YES;
				GCC_WARN_UNINITIALIZED_AUTOS = YES_AGGRESSIVE;
				GCC_WARN_UNUSED_FUNCTION = YES;
				GCC_WARN_UNUSED_VARIABLE = YES;
				IPHONEOS_DEPLOYMENT_TARGET = 14.0;
				MTL_ENABLE_DEBUG_INFO = INCLUDE_SOURCE;
				MTL_FAST_MATH = YES;
				ONLY_ACTIVE_ARCH = YES;
				SDKROOT = iphoneos;
				SWIFT_ACTIVE_COMPILATION_CONDITIONS = DEBUG;
				SWIFT_OPTIMIZATION_LEVEL = "-Onone";
			};
			name = Debug;
		};
		66D7AA7424CB5136001CEA3A /* Release */ = {
			isa = XCBuildConfiguration;
			buildSettings = {
				ALWAYS_SEARCH_USER_PATHS = NO;
				CLANG_ANALYZER_NONNULL = YES;
				CLANG_ANALYZER_NUMBER_OBJECT_CONVERSION = YES_AGGRESSIVE;
				CLANG_CXX_LANGUAGE_STANDARD = "gnu++14";
				CLANG_CXX_LIBRARY = "libc++";
				CLANG_ENABLE_MODULES = YES;
				CLANG_ENABLE_OBJC_ARC = YES;
				CLANG_ENABLE_OBJC_WEAK = YES;
				CLANG_WARN_BLOCK_CAPTURE_AUTORELEASING = YES;
				CLANG_WARN_BOOL_CONVERSION = YES;
				CLANG_WARN_COMMA = YES;
				CLANG_WARN_CONSTANT_CONVERSION = YES;
				CLANG_WARN_DEPRECATED_OBJC_IMPLEMENTATIONS = YES;
				CLANG_WARN_DIRECT_OBJC_ISA_USAGE = YES_ERROR;
				CLANG_WARN_DOCUMENTATION_COMMENTS = YES;
				CLANG_WARN_EMPTY_BODY = YES;
				CLANG_WARN_ENUM_CONVERSION = YES;
				CLANG_WARN_INFINITE_RECURSION = YES;
				CLANG_WARN_INT_CONVERSION = YES;
				CLANG_WARN_NON_LITERAL_NULL_CONVERSION = YES;
				CLANG_WARN_OBJC_IMPLICIT_RETAIN_SELF = YES;
				CLANG_WARN_OBJC_LITERAL_CONVERSION = YES;
				CLANG_WARN_OBJC_ROOT_CLASS = YES_ERROR;
				CLANG_WARN_QUOTED_INCLUDE_IN_FRAMEWORK_HEADER = YES;
				CLANG_WARN_RANGE_LOOP_ANALYSIS = YES;
				CLANG_WARN_STRICT_PROTOTYPES = YES;
				CLANG_WARN_SUSPICIOUS_MOVE = YES;
				CLANG_WARN_UNGUARDED_AVAILABILITY = YES_AGGRESSIVE;
				CLANG_WARN_UNREACHABLE_CODE = YES;
				CLANG_WARN__DUPLICATE_METHOD_MATCH = YES;
				COPY_PHASE_STRIP = NO;
				DEBUG_INFORMATION_FORMAT = "dwarf-with-dsym";
				ENABLE_NS_ASSERTIONS = NO;
				ENABLE_STRICT_OBJC_MSGSEND = YES;
				GCC_C_LANGUAGE_STANDARD = gnu11;
				GCC_NO_COMMON_BLOCKS = YES;
				GCC_WARN_64_TO_32_BIT_CONVERSION = YES;
				GCC_WARN_ABOUT_RETURN_TYPE = YES_ERROR;
				GCC_WARN_UNDECLARED_SELECTOR = YES;
				GCC_WARN_UNINITIALIZED_AUTOS = YES_AGGRESSIVE;
				GCC_WARN_UNUSED_FUNCTION = YES;
				GCC_WARN_UNUSED_VARIABLE = YES;
				IPHONEOS_DEPLOYMENT_TARGET = 14.0;
				MTL_ENABLE_DEBUG_INFO = NO;
				MTL_FAST_MATH = YES;
				SDKROOT = iphoneos;
				SWIFT_COMPILATION_MODE = wholemodule;
				SWIFT_OPTIMIZATION_LEVEL = "-O";
				VALIDATE_PRODUCT = YES;
			};
			name = Release;
		};
		66D7AA7624CB5136001CEA3A /* Debug */ = {
			isa = XCBuildConfiguration;
			buildSettings = {
				ASSETCATALOG_COMPILER_APPICON_NAME = AppIcon;
				CODE_SIGN_ENTITLEMENTS = "BarreirasLinguisticas/LinGO!.entitlements";
				CODE_SIGN_STYLE = Automatic;
				DEVELOPMENT_ASSET_PATHS = "\"BarreirasLinguisticas/Preview Content\"";
				DEVELOPMENT_TEAM = P27VQVDFNQ;
				ENABLE_PREVIEWS = YES;
				INFOPLIST_FILE = BarreirasLinguisticas/Info.plist;
				LD_RUNPATH_SEARCH_PATHS = (
					"$(inherited)",
					"@executable_path/Frameworks",
				);
				MARKETING_VERSION = 1.2;
				PRODUCT_BUNDLE_IDENTIFIER = com.matheussmoreira.LinGO;
				PRODUCT_NAME = "LinGO!";
				SWIFT_VERSION = 5.0;
				TARGETED_DEVICE_FAMILY = 1;
			};
			name = Debug;
		};
		66D7AA7724CB5136001CEA3A /* Release */ = {
			isa = XCBuildConfiguration;
			buildSettings = {
				ASSETCATALOG_COMPILER_APPICON_NAME = AppIcon;
				CODE_SIGN_ENTITLEMENTS = "BarreirasLinguisticas/LinGO!.entitlements";
				CODE_SIGN_STYLE = Automatic;
				DEVELOPMENT_ASSET_PATHS = "\"BarreirasLinguisticas/Preview Content\"";
				DEVELOPMENT_TEAM = P27VQVDFNQ;
				ENABLE_PREVIEWS = YES;
				INFOPLIST_FILE = BarreirasLinguisticas/Info.plist;
				LD_RUNPATH_SEARCH_PATHS = (
					"$(inherited)",
					"@executable_path/Frameworks",
				);
				MARKETING_VERSION = 1.2;
				PRODUCT_BUNDLE_IDENTIFIER = com.matheussmoreira.LinGO;
				PRODUCT_NAME = "LinGO!";
				SWIFT_VERSION = 5.0;
				TARGETED_DEVICE_FAMILY = 1;
			};
			name = Release;
		};
/* End XCBuildConfiguration section */

/* Begin XCConfigurationList section */
		66D7AA5C24CB5135001CEA3A /* Build configuration list for PBXProject "LinGO" */ = {
			isa = XCConfigurationList;
			buildConfigurations = (
				66D7AA7324CB5136001CEA3A /* Debug */,
				66D7AA7424CB5136001CEA3A /* Release */,
			);
			defaultConfigurationIsVisible = 0;
			defaultConfigurationName = Release;
		};
		66D7AA7524CB5136001CEA3A /* Build configuration list for PBXNativeTarget "BarreirasLinguisticas" */ = {
			isa = XCConfigurationList;
			buildConfigurations = (
				66D7AA7624CB5136001CEA3A /* Debug */,
				66D7AA7724CB5136001CEA3A /* Release */,
			);
			defaultConfigurationIsVisible = 0;
			defaultConfigurationName = Release;
		};
/* End XCConfigurationList section */

/* Begin XCRemoteSwiftPackageReference section */
		66C350302547546800E3CA26 /* XCRemoteSwiftPackageReference "CloudKitMagicCRUD" */ = {
			isa = XCRemoteSwiftPackageReference;
			repositoryURL = "https://github.com/rvenieris/CloudKitMagicCRUD.git";
			requirement = {
				branch = master;
				kind = branch;
			};
		};
/* End XCRemoteSwiftPackageReference section */

/* Begin XCSwiftPackageProductDependency section */
		66C350312547546800E3CA26 /* CloudKitMagicCRUD */ = {
			isa = XCSwiftPackageProductDependency;
			package = 66C350302547546800E3CA26 /* XCRemoteSwiftPackageReference "CloudKitMagicCRUD" */;
			productName = CloudKitMagicCRUD;
		};
/* End XCSwiftPackageProductDependency section */
	};
	rootObject = 66D7AA5924CB5135001CEA3A /* Project object */;
}
